{
  "name": "tw5-github-actions-example",
  "version": "1.0.0",
  "lockfileVersion": 2,
  "requires": true,
  "packages": {
    "": {
      "name": "tw5-github-actions-example",
      "version": "1.0.0",
      "license": "BSD-3-Clause",
      "dependencies": {
        "tiddlywiki": "^5.1.23"
      }
    },
    "node_modules/tiddlywiki": {
      "version": "5.1.23",
      "resolved": "https://registry.npmjs.org/tiddlywiki/-/tiddlywiki-5.1.23.tgz",
      "integrity": "sha512-U5P6CdVncHqfoMRAYGj8NxqbP2JJICdLre+jAlXzV8nhllRL9ZFIE0y80wASXc6xip6++TA67Pam7+FJ73A1Vw==",
      "bin": {
        "tiddlywiki": "tiddlywiki.js"
      },
      "engines": {
        "node": ">=0.8.2"
      }
    }
  },
  "dependencies": {
    "tiddlywiki": {
      "version": "5.1.23",
      "resolved": "https://registry.npmjs.org/tiddlywiki/-/tiddlywiki-5.1.23.tgz",
      "integrity": "sha512-U5P6CdVncHqfoMRAYGj8NxqbP2JJICdLre+jAlXzV8nhllRL9ZFIE0y80wASXc6xip6++TA67Pam7+FJ73A1Vw=="
    }
  }
}
